
Microsoft Visual Studio Solution File, Format Version 12.00
# Visual Studio Version 16
VisualStudioVersion = 16.0.28721.148
MinimumVisualStudioVersion = 10.0.40219.1
Project("{778DAE3C-4631-46EA-AA77-85C1314464D9}") = "WebApp1", "WebApp1\WebApp1.vbproj", "{7D787A66-99C3-4A90-9FE0-C3D0B95C038E}"
EndProject
Project("{778DAE3C-4631-46EA-AA77-85C1314464D9}") = "Vazor", "Vazor\Vazor.vbproj", "{23B01F2D-2D73-40C0-9037-18269A4CB24B}"
EndProject
Global
	GlobalSection(SolutionConfigurationPlatforms) = preSolution
		Debug|Any CPU = Debug|Any CPU
		Release|Any CPU = Release|Any CPU
	EndGlobalSection
	GlobalSection(ProjectConfigurationPlatforms) = postSolution
		{7D787A66-99C3-4A90-9FE0-C3D0B95C038E}.Debug|Any CPU.ActiveCfg = Debug|Any CPU
		{7D787A66-99C3-4A90-9FE0-C3D0B95C038E}.Debug|Any CPU.Build.0 = Debug|Any CPU
		{7D787A66-99C3-4A90-9FE0-C3D0B95C038E}.Release|Any CPU.ActiveCfg = Release|Any CPU
		{7D787A66-99C3-4A90-9FE0-C3D0B95C038E}.Release|Any CPU.Build.0 = Release|Any CPU
		{23B01F2D-2D73-40C0-9037-18269A4CB24B}.Debug|Any CPU.ActiveCfg = Debug|Any CPU
		{23B01F2D-2D73-40C0-9037-18269A4CB24B}.Debug|Any CPU.Build.0 = Debug|Any CPU
		{23B01F2D-2D73-40C0-9037-18269A4CB24B}.Release|Any CPU.ActiveCfg = Release|Any CPU
		{23B01F2D-2D73-40C0-9037-18269A4CB24B}.Release|Any CPU.Build.0 = Release|Any CPU
	EndGlobalSection
	GlobalSection(SolutionProperties) = preSolution
		HideSolutionNode = FALSE
	EndGlobalSection
	GlobalSection(ExtensibilityGlobals) = postSolution
		SolutionGuid = {21512D67-4659-4159-8704-91A1E545BB66}
	EndGlobalSection
EndGlobal
